
Microsoft Visual Studio Solution File, Format Version 12.00
# Visual Studio Version 16
VisualStudioVersion = 16.0.30523.141
MinimumVisualStudioVersion = 10.0.40219.1
Project("{FAE04EC0-301F-11D3-BF4B-00C04F79EFBC}") = "B2-CsharP-Dame-Niasse-Exam-Service", "B2-CsharP-Dame-Niasse-Exam-Service\B2-CsharP-Dame-Niasse-Exam-Service.csproj", "{8D653CA7-ED0F-4418-9D61-62BD8FCCFA8E}"
EndProject
Global
	GlobalSection(SolutionConfigurationPlatforms) = preSolution
		Debug|Any CPU = Debug|Any CPU
		Release|Any CPU = Release|Any CPU
	EndGlobalSection
	GlobalSection(ProjectConfigurationPlatforms) = postSolution
		{8D653CA7-ED0F-4418-9D61-62BD8FCCFA8E}.Debug|Any CPU.ActiveCfg = Debug|Any CPU
		{8D653CA7-ED0F-4418-9D61-62BD8FCCFA8E}.Debug|Any CPU.Build.0 = Debug|Any CPU
		{8D653CA7-ED0F-4418-9D61-62BD8FCCFA8E}.Release|Any CPU.ActiveCfg = Release|Any CPU
		{8D653CA7-ED0F-4418-9D61-62BD8FCCFA8E}.Release|Any CPU.Build.0 = Release|Any CPU
	EndGlobalSection
	GlobalSection(SolutionProperties) = preSolution
		HideSolutionNode = FALSE
	EndGlobalSection
	GlobalSection(ExtensibilityGlobals) = postSolution
		SolutionGuid = {58609CAD-70AE-4DF7-8170-127CF03719AB}
	EndGlobalSection
EndGlobal
